// !$*UTF8*$!
{
	archiveVersion = 1;
	classes = {
	};
	objectVersion = 46;
	objects = {

/* Begin PBXBuildFile section */
		3B374C681C0262EA00B3919A /* AppDelegate.swift in Sources */ = {isa = PBXBuildFile; fileRef = 3B374C671C0262EA00B3919A /* AppDelegate.swift */; };
		3B374C6A1C0262EA00B3919A /* ViewController.swift in Sources */ = {isa = PBXBuildFile; fileRef = 3B374C691C0262EA00B3919A /* ViewController.swift */; };
		3B374C6D1C0262EB00B3919A /* Main.storyboard in Resources */ = {isa = PBXBuildFile; fileRef = 3B374C6B1C0262EB00B3919A /* Main.storyboard */; };
		3B374C6F1C0262EB00B3919A /* Assets.xcassets in Resources */ = {isa = PBXBuildFile; fileRef = 3B374C6E1C0262EB00B3919A /* Assets.xcassets */; };
		3B374C721C0262EB00B3919A /* LaunchScreen.storyboard in Resources */ = {isa = PBXBuildFile; fileRef = 3B374C701C0262EB00B3919A /* LaunchScreen.storyboard */; };
		3B374C7D1C0262EB00B3919A /* HurryAppTests.swift in Sources */ = {isa = PBXBuildFile; fileRef = 3B374C7C1C0262EB00B3919A /* HurryAppTests.swift */; };
		3B374C881C0262EC00B3919A /* HurryAppUITests.swift in Sources */ = {isa = PBXBuildFile; fileRef = 3B374C871C0262EC00B3919A /* HurryAppUITests.swift */; };
		3B374C961C027F2500B3919A /* RegistroViewController.swift in Sources */ = {isa = PBXBuildFile; fileRef = 3B374C951C027F2500B3919A /* RegistroViewController.swift */; };
		3B374C981C02801E00B3919A /* PagoViewController.swift in Sources */ = {isa = PBXBuildFile; fileRef = 3B374C971C02801E00B3919A /* PagoViewController.swift */; };
		3B97AD9E1C02E375001C8947 /* ComprarViewController.swift in Sources */ = {isa = PBXBuildFile; fileRef = 3B97AD9D1C02E375001C8947 /* ComprarViewController.swift */; };
/* End PBXBuildFile section */

/* Begin PBXContainerItemProxy section */
		3B374C791C0262EB00B3919A /* PBXContainerItemProxy */ = {
			isa = PBXContainerItemProxy;
			containerPortal = 3B374C5C1C0262EA00B3919A /* Project object */;
			proxyType = 1;
			remoteGlobalIDString = 3B374C631C0262EA00B3919A;
			remoteInfo = HurryApp;
		};
		3B374C841C0262EC00B3919A /* PBXContainerItemProxy */ = {
			isa = PBXContainerItemProxy;
			containerPortal = 3B374C5C1C0262EA00B3919A /* Project object */;
			proxyType = 1;
			remoteGlobalIDString = 3B374C631C0262EA00B3919A;
			remoteInfo = HurryApp;
		};
/* End PBXContainerItemProxy section */

/* Begin PBXFileReference section */
		3B262F751C17CB1F00B174C3 /* HurryApp.entitlements */ = {isa = PBXFileReference; lastKnownFileType = text.xml; path = HurryApp.entitlements; sourceTree = "<group>"; };
		3B374C641C0262EA00B3919A /* HurryApp.app */ = {isa = PBXFileReference; explicitFileType = wrapper.application; includeInIndex = 0; path = HurryApp.app; sourceTree = BUILT_PRODUCTS_DIR; };
		3B374C671C0262EA00B3919A /* AppDelegate.swift */ = {isa = PBXFileReference; lastKnownFileType = sourcecode.swift; path = AppDelegate.swift; sourceTree = "<group>"; };
		3B374C691C0262EA00B3919A /* ViewController.swift */ = {isa = PBXFileReference; lastKnownFileType = sourcecode.swift; path = ViewController.swift; sourceTree = "<group>"; };
		3B374C6C1C0262EB00B3919A /* Base */ = {isa = PBXFileReference; lastKnownFileType = file.storyboard; name = Base; path = Base.lproj/Main.storyboard; sourceTree = "<group>"; };
		3B374C6E1C0262EB00B3919A /* Assets.xcassets */ = {isa = PBXFileReference; lastKnownFileType = folder.assetcatalog; path = Assets.xcassets; sourceTree = "<group>"; };
		3B374C711C0262EB00B3919A /* Base */ = {isa = PBXFileReference; lastKnownFileType = file.storyboard; name = Base; path = Base.lproj/LaunchScreen.storyboard; sourceTree = "<group>"; };
		3B374C731C0262EB00B3919A /* Info.plist */ = {isa = PBXFileReference; lastKnownFileType = text.plist.xml; path = Info.plist; sourceTree = "<group>"; };
		3B374C781C0262EB00B3919A /* HurryAppTests.xctest */ = {isa = PBXFileReference; explicitFileType = wrapper.cfbundle; includeInIndex = 0; path = HurryAppTests.xctest; sourceTree = BUILT_PRODUCTS_DIR; };
		3B374C7C1C0262EB00B3919A /* HurryAppTests.swift */ = {isa = PBXFileReference; lastKnownFileType = sourcecode.swift; path = HurryAppTests.swift; sourceTree = "<group>"; };
		3B374C7E1C0262EC00B3919A /* Info.plist */ = {isa = PBXFileReference; lastKnownFileType = text.plist.xml; path = Info.plist; sourceTree = "<group>"; };
		3B374C831C0262EC00B3919A /* HurryAppUITests.xctest */ = {isa = PBXFileReference; explicitFileType = wrapper.cfbundle; includeInIndex = 0; path = HurryAppUITests.xctest; sourceTree = BUILT_PRODUCTS_DIR; };
		3B374C871C0262EC00B3919A /* HurryAppUITests.swift */ = {isa = PBXFileReference; lastKnownFileType = sourcecode.swift; path = HurryAppUITests.swift; sourceTree = "<group>"; };
		3B374C891C0262EC00B3919A /* Info.plist */ = {isa = PBXFileReference; lastKnownFileType = text.plist.xml; path = Info.plist; sourceTree = "<group>"; };
		3B374C951C027F2500B3919A /* RegistroViewController.swift */ = {isa = PBXFileReference; fileEncoding = 4; lastKnownFileType = sourcecode.swift; path = RegistroViewController.swift; sourceTree = "<group>"; };
		3B374C971C02801E00B3919A /* PagoViewController.swift */ = {isa = PBXFileReference; fileEncoding = 4; lastKnownFileType = sourcecode.swift; path = PagoViewController.swift; sourceTree = "<group>"; };
		3B97AD9D1C02E375001C8947 /* ComprarViewController.swift */ = {isa = PBXFileReference; fileEncoding = 4; lastKnownFileType = sourcecode.swift; path = ComprarViewController.swift; sourceTree = "<group>"; };
/* End PBXFileReference section */

/* Begin PBXFrameworksBuildPhase section */
		3B374C611C0262EA00B3919A /* Frameworks */ = {
			isa = PBXFrameworksBuildPhase;
			buildActionMask = 2147483647;
			files = (
			);
			runOnlyForDeploymentPostprocessing = 0;
		};
		3B374C751C0262EB00B3919A /* Frameworks */ = {
			isa = PBXFrameworksBuildPhase;
			buildActionMask = 2147483647;
			files = (
			);
			runOnlyForDeploymentPostprocessing = 0;
		};
		3B374C801C0262EC00B3919A /* Frameworks */ = {
			isa = PBXFrameworksBuildPhase;
			buildActionMask = 2147483647;
			files = (
			);
			runOnlyForDeploymentPostprocessing = 0;
		};
/* End PBXFrameworksBuildPhase section */

/* Begin PBXGroup section */
		3B374C5B1C0262EA00B3919A = {
			isa = PBXGroup;
			children = (
				3B374C661C0262EA00B3919A /* HurryApp */,
				3B374C7B1C0262EB00B3919A /* HurryAppTests */,
				3B374C861C0262EC00B3919A /* HurryAppUITests */,
				3B374C651C0262EA00B3919A /* Products */,
			);
			sourceTree = "<group>";
		};
		3B374C651C0262EA00B3919A /* Products */ = {
			isa = PBXGroup;
			children = (
				3B374C641C0262EA00B3919A /* HurryApp.app */,
				3B374C781C0262EB00B3919A /* HurryAppTests.xctest */,
				3B374C831C0262EC00B3919A /* HurryAppUITests.xctest */,
			);
			name = Products;
			sourceTree = "<group>";
		};
		3B374C661C0262EA00B3919A /* HurryApp */ = {
			isa = PBXGroup;
			children = (
				3B262F751C17CB1F00B174C3 /* HurryApp.entitlements */,
				3B374C671C0262EA00B3919A /* AppDelegate.swift */,
				3B374C691C0262EA00B3919A /* ViewController.swift */,
				3B374C6B1C0262EB00B3919A /* Main.storyboard */,
				3B97AD9D1C02E375001C8947 /* ComprarViewController.swift */,
				3B374C971C02801E00B3919A /* PagoViewController.swift */,
				3B374C951C027F2500B3919A /* RegistroViewController.swift */,
				3B374C6E1C0262EB00B3919A /* Assets.xcassets */,
				3B374C701C0262EB00B3919A /* LaunchScreen.storyboard */,
				3B374C731C0262EB00B3919A /* Info.plist */,
			);
			path = HurryApp;
			sourceTree = "<group>";
		};
		3B374C7B1C0262EB00B3919A /* HurryAppTests */ = {
			isa = PBXGroup;
			children = (
				3B374C7C1C0262EB00B3919A /* HurryAppTests.swift */,
				3B374C7E1C0262EC00B3919A /* Info.plist */,
			);
			path = HurryAppTests;
			sourceTree = "<group>";
		};
		3B374C861C0262EC00B3919A /* HurryAppUITests */ = {
			isa = PBXGroup;
			children = (
				3B374C871C0262EC00B3919A /* HurryAppUITests.swift */,
				3B374C891C0262EC00B3919A /* Info.plist */,
			);
			path = HurryAppUITests;
			sourceTree = "<group>";
		};
/* End PBXGroup section */

/* Begin PBXNativeTarget section */
		3B374C631C0262EA00B3919A /* HurryApp */ = {
			isa = PBXNativeTarget;
			buildConfigurationList = 3B374C8C1C0262EC00B3919A /* Build configuration list for PBXNativeTarget "HurryApp" */;
			buildPhases = (
				3B374C601C0262EA00B3919A /* Sources */,
				3B374C611C0262EA00B3919A /* Frameworks */,
				3B374C621C0262EA00B3919A /* Resources */,
			);
			buildRules = (
			);
			dependencies = (
			);
			name = HurryApp;
			productName = HurryApp;
			productReference = 3B374C641C0262EA00B3919A /* HurryApp.app */;
			productType = "com.apple.product-type.application";
		};
		3B374C771C0262EB00B3919A /* HurryAppTests */ = {
			isa = PBXNativeTarget;
			buildConfigurationList = 3B374C8F1C0262EC00B3919A /* Build configuration list for PBXNativeTarget "HurryAppTests" */;
			buildPhases = (
				3B374C741C0262EB00B3919A /* Sources */,
				3B374C751C0262EB00B3919A /* Frameworks */,
				3B374C761C0262EB00B3919A /* Resources */,
			);
			buildRules = (
			);
			dependencies = (
				3B374C7A1C0262EB00B3919A /* PBXTargetDependency */,
			);
			name = HurryAppTests;
			productName = HurryAppTests;
			productReference = 3B374C781C0262EB00B3919A /* HurryAppTests.xctest */;
			productType = "com.apple.product-type.bundle.unit-test";
		};
		3B374C821C0262EC00B3919A /* HurryAppUITests */ = {
			isa = PBXNativeTarget;
			buildConfigurationList = 3B374C921C0262EC00B3919A /* Build configuration list for PBXNativeTarget "HurryAppUITests" */;
			buildPhases = (
				3B374C7F1C0262EC00B3919A /* Sources */,
				3B374C801C0262EC00B3919A /* Frameworks */,
				3B374C811C0262EC00B3919A /* Resources */,
			);
			buildRules = (
			);
			dependencies = (
				3B374C851C0262EC00B3919A /* PBXTargetDependency */,
			);
			name = HurryAppUITests;
			productName = HurryAppUITests;
			productReference = 3B374C831C0262EC00B3919A /* HurryAppUITests.xctest */;
			productType = "com.apple.product-type.bundle.ui-testing";
		};
/* End PBXNativeTarget section */

/* Begin PBXProject section */
		3B374C5C1C0262EA00B3919A /* Project object */ = {
			isa = PBXProject;
			attributes = {
				LastSwiftUpdateCheck = 0710;
				LastUpgradeCheck = 0710;
				ORGANIZATIONNAME = DevWorms;
				TargetAttributes = {
					3B374C631C0262EA00B3919A = {
						CreatedOnToolsVersion = 7.1.1;
						DevelopmentTeam = LP65999SC2;
						SystemCapabilities = {
							com.apple.iCloud = {
								enabled = 1;
							};
						};
					};
					3B374C771C0262EB00B3919A = {
						CreatedOnToolsVersion = 7.1.1;
						TestTargetID = 3B374C631C0262EA00B3919A;
					};
					3B374C821C0262EC00B3919A = {
						CreatedOnToolsVersion = 7.1.1;
						TestTargetID = 3B374C631C0262EA00B3919A;
					};
				};
			};
			buildConfigurationList = 3B374C5F1C0262EA00B3919A /* Build configuration list for PBXProject "HurryApp" */;
			compatibilityVersion = "Xcode 3.2";
			developmentRegion = English;
			hasScannedForEncodings = 0;
			knownRegions = (
				en,
				Base,
			);
			mainGroup = 3B374C5B1C0262EA00B3919A;
			productRefGroup = 3B374C651C0262EA00B3919A /* Products */;
			projectDirPath = "";
			projectRoot = "";
			targets = (
				3B374C631C0262EA00B3919A /* HurryApp */,
				3B374C771C0262EB00B3919A /* HurryAppTests */,
				3B374C821C0262EC00B3919A /* HurryAppUITests */,
			);
		};
/* End PBXProject section */

/* Begin PBXResourcesBuildPhase section */
		3B374C621C0262EA00B3919A /* Resources */ = {
			isa = PBXResourcesBuildPhase;
			buildActionMask = 2147483647;
			files = (
				3B374C721C0262EB00B3919A /* LaunchScreen.storyboard in Resources */,
				3B374C6F1C0262EB00B3919A /* Assets.xcassets in Resources */,
				3B374C6D1C0262EB00B3919A /* Main.storyboard in Resources */,
			);
			runOnlyForDeploymentPostprocessing = 0;
		};
		3B374C761C0262EB00B3919A /* Resources */ = {
			isa = PBXResourcesBuildPhase;
			buildActionMask = 2147483647;
			files = (
			);
			runOnlyForDeploymentPostprocessing = 0;
		};
		3B374C811C0262EC00B3919A /* Resources */ = {
			isa = PBXResourcesBuildPhase;
			buildActionMask = 2147483647;
			files = (
			);
			runOnlyForDeploymentPostprocessing = 0;
		};
/* End PBXResourcesBuildPhase section */

/* Begin PBXSourcesBuildPhase section */
		3B374C601C0262EA00B3919A /* Sources */ = {
			isa = PBXSourcesBuildPhase;
			buildActionMask = 2147483647;
			files = (
				3B374C6A1C0262EA00B3919A /* ViewController.swift in Sources */,
				3B374C981C02801E00B3919A /* PagoViewController.swift in Sources */,
				3B97AD9E1C02E375001C8947 /* ComprarViewController.swift in Sources */,
				3B374C961C027F2500B3919A /* RegistroViewController.swift in Sources */,
				3B374C681C0262EA00B3919A /* AppDelegate.swift in Sources */,
			);
			runOnlyForDeploymentPostprocessing = 0;
		};
		3B374C741C0262EB00B3919A /* Sources */ = {
			isa = PBXSourcesBuildPhase;
			buildActionMask = 2147483647;
			files = (
				3B374C7D1C0262EB00B3919A /* HurryAppTests.swift in Sources */,
			);
			runOnlyForDeploymentPostprocessing = 0;
		};
		3B374C7F1C0262EC00B3919A /* Sources */ = {
			isa = PBXSourcesBuildPhase;
			buildActionMask = 2147483647;
			files = (
				3B374C881C0262EC00B3919A /* HurryAppUITests.swift in Sources */,
			);
			runOnlyForDeploymentPostprocessing = 0;
		};
/* End PBXSourcesBuildPhase section */

/* Begin PBXTargetDependency section */
		3B374C7A1C0262EB00B3919A /* PBXTargetDependency */ = {
			isa = PBXTargetDependency;
			target = 3B374C631C0262EA00B3919A /* HurryApp */;
			targetProxy = 3B374C791C0262EB00B3919A /* PBXContainerItemProxy */;
		};
		3B374C851C0262EC00B3919A /* PBXTargetDependency */ = {
			isa = PBXTargetDependency;
			target = 3B374C631C0262EA00B3919A /* HurryApp */;
			targetProxy = 3B374C841C0262EC00B3919A /* PBXContainerItemProxy */;
		};
/* End PBXTargetDependency section */

/* Begin PBXVariantGroup section */
		3B374C6B1C0262EB00B3919A /* Main.storyboard */ = {
			isa = PBXVariantGroup;
			children = (
				3B374C6C1C0262EB00B3919A /* Base */,
			);
			name = Main.storyboard;
			sourceTree = "<group>";
		};
		3B374C701C0262EB00B3919A /* LaunchScreen.storyboard */ = {
			isa = PBXVariantGroup;
			children = (
				3B374C711C0262EB00B3919A /* Base */,
			);
			name = LaunchScreen.storyboard;
			sourceTree = "<group>";
		};
/* End PBXVariantGroup section */

/* Begin XCBuildConfiguration section */
		3B374C8A1C0262EC00B3919A /* Debug */ = {
			isa = XCBuildConfiguration;
			buildSettings = {
				ALWAYS_SEARCH_USER_PATHS = NO;
				CLANG_CXX_LANGUAGE_STANDARD = "gnu++0x";
				CLANG_CXX_LIBRARY = "libc++";
				CLANG_ENABLE_MODULES = YES;
				CLANG_ENABLE_OBJC_ARC = YES;
				CLANG_WARN_BOOL_CONVERSION = YES;
				CLANG_WARN_CONSTANT_CONVERSION = YES;
				CLANG_WARN_DIRECT_OBJC_ISA_USAGE = YES_ERROR;
				CLANG_WARN_EMPTY_BODY = YES;
				CLANG_WARN_ENUM_CONVERSION = YES;
				CLANG_WARN_INT_CONVERSION = YES;
				CLANG_WARN_OBJC_ROOT_CLASS = YES_ERROR;
				CLANG_WARN_UNREACHABLE_CODE = YES;
				CLANG_WARN__DUPLICATE_METHOD_MATCH = YES;
				"CODE_SIGN_IDENTITY[sdk=iphoneos*]" = "iPhone Developer";
				COPY_PHASE_STRIP = NO;
				DEBUG_INFORMATION_FORMAT = dwarf;
				ENABLE_STRICT_OBJC_MSGSEND = YES;
				ENABLE_TESTABILITY = YES;
				GCC_C_LANGUAGE_STANDARD = gnu99;
				GCC_DYNAMIC_NO_PIC = NO;
				GCC_NO_COMMON_BLOCKS = YES;
				GCC_OPTIMIZATION_LEVEL = 0;
				GCC_PREPROCESSOR_DEFINITIONS = (
					"DEBUG=1",
					"$(inherited)",
				);
				GCC_WARN_64_TO_32_BIT_CONVERSION = YES;
				GCC_WARN_ABOUT_RETURN_TYPE = YES_ERROR;
				GCC_WARN_UNDECLARED_SELECTOR = YES;
				GCC_WARN_UNINITIALIZED_AUTOS = YES_AGGRESSIVE;
				GCC_WARN_UNUSED_FUNCTION = YES;
				GCC_WARN_UNUSED_VARIABLE = YES;
				IPHONEOS_DEPLOYMENT_TARGET = 9.1;
				MTL_ENABLE_DEBUG_INFO = YES;
				ONLY_ACTIVE_ARCH = YES;
				SDKROOT = iphoneos;
				SWIFT_OPTIMIZATION_LEVEL = "-Onone";
			};
			name = Debug;
		};
		3B374C8B1C0262EC00B3919A /* Release */ = {
			isa = XCBuildConfiguration;
			buildSettings = {
				ALWAYS_SEARCH_USER_PATHS = NO;
				CLANG_CXX_LANGUAGE_STANDARD = "gnu++0x";
				CLANG_CXX_LIBRARY = "libc++";
				CLANG_ENABLE_MODULES = YES;
				CLANG_ENABLE_OBJC_ARC = YES;
				CLANG_WARN_BOOL_CONVERSION = YES;
				CLANG_WARN_CONSTANT_CONVERSION = YES;
				CLANG_WARN_DIRECT_OBJC_ISA_USAGE = YES_ERROR;
				CLANG_WARN_EMPTY_BODY = YES;
				CLANG_WARN_ENUM_CONVERSION = YES;
				CLANG_WARN_INT_CONVERSION = YES;
				CLANG_WARN_OBJC_ROOT_CLASS = YES_ERROR;
				CLANG_WARN_UNREACHABLE_CODE = YES;
				CLANG_WARN__DUPLICATE_METHOD_MATCH = YES;
				"CODE_SIGN_IDENTITY[sdk=iphoneos*]" = "iPhone Developer";
				COPY_PHASE_STRIP = NO;
				DEBUG_INFORMATION_FORMAT = "dwarf-with-dsym";
				ENABLE_NS_ASSERTIONS = NO;
				ENABLE_STRICT_OBJC_MSGSEND = YES;
				GCC_C_LANGUAGE_STANDARD = gnu99;
				GCC_NO_COMMON_BLOCKS = YES;
				GCC_WARN_64_TO_32_BIT_CONVERSION = YES;
				GCC_WARN_ABOUT_RETURN_TYPE = YES_ERROR;
				GCC_WARN_UNDECLARED_SELECTOR = YES;
				GCC_WARN_UNINITIALIZED_AUTOS = YES_AGGRESSIVE;
				GCC_WARN_UNUSED_FUNCTION = YES;
				GCC_WARN_UNUSED_VARIABLE = YES;
				IPHONEOS_DEPLOYMENT_TARGET = 9.1;
				MTL_ENABLE_DEBUG_INFO = NO;
				SDKROOT = iphoneos;
				VALIDATE_PRODUCT = YES;
			};
			name = Release;
		};
		3B374C8D1C0262EC00B3919A /* Debug */ = {
			isa = XCBuildConfiguration;
			buildSettings = {
				ASSETCATALOG_COMPILER_APPICON_NAME = AppIcon;
				CODE_SIGN_ENTITLEMENTS = HurryApp/HurryApp.entitlements;
				CODE_SIGN_IDENTITY = "iPhone Developer";
				"CODE_SIGN_IDENTITY[sdk=iphoneos*]" = "iPhone Developer";
				INFOPLIST_FILE = HurryApp/Info.plist;
				IPHONEOS_DEPLOYMENT_TARGET = 7.1;
				LD_RUNPATH_SEARCH_PATHS = "$(inherited) @executable_path/Frameworks";
				PRODUCT_BUNDLE_IDENTIFIER = com.devworms.HurryAppSolution;
				PRODUCT_NAME = "$(TARGET_NAME)";
				PROVISIONING_PROFILE = "";
			};
			name = Debug;
		};
		3B374C8E1C0262EC00B3919A /* Release */ = {
			isa = XCBuildConfiguration;
			buildSettings = {
				ASSETCATALOG_COMPILER_APPICON_NAME = AppIcon;
				CODE_SIGN_ENTITLEMENTS = HurryApp/HurryApp.entitlements;
				CODE_SIGN_IDENTITY = "iPhone Developer";
				"CODE_SIGN_IDENTITY[sdk=iphoneos*]" = "iPhone Developer";
				INFOPLIST_FILE = HurryApp/Info.plist;
				IPHONEOS_DEPLOYMENT_TARGET = 7.1;
				LD_RUNPATH_SEARCH_PATHS = "$(inherited) @executable_path/Frameworks";
				PRODUCT_BUNDLE_IDENTIFIER = com.devworms.HurryAppSolution;
				PRODUCT_NAME = "$(TARGET_NAME)";
				PROVISIONING_PROFILE = "";
			};
			name = Release;
		};
		3B374C901C0262EC00B3919A /* Debug */ = {
			isa = XCBuildConfiguration;
			buildSettings = {
				BUNDLE_LOADER = "$(TEST_HOST)";
				INFOPLIST_FILE = HurryAppTests/Info.plist;
				LD_RUNPATH_SEARCH_PATHS = "$(inherited) @executable_path/Frameworks @loader_path/Frameworks";
				PRODUCT_BUNDLE_IDENTIFIER = com.devworms.HurryAppTests;
				PRODUCT_NAME = "$(TARGET_NAME)";
				TEST_HOST = "$(BUILT_PRODUCTS_DIR)/HurryApp.app/HurryApp";
			};
			name = Debug;
		};
		3B374C911C0262EC00B3919A /* Release */ = {
			isa = XCBuildConfiguration;
			buildSettings = {
				BUNDLE_LOADER = "$(TEST_HOST)";
				INFOPLIST_FILE = HurryAppTests/Info.plist;
				LD_RUNPATH_SEARCH_PATHS = "$(inherited) @executable_path/Frameworks @loader_path/Frameworks";
				PRODUCT_BUNDLE_IDENTIFIER = com.devworms.HurryAppTests;
				PRODUCT_NAME = "$(TARGET_NAME)";
				TEST_HOST = "$(BUILT_PRODUCTS_DIR)/HurryApp.app/HurryApp";
			};
			name = Release;
		};
		3B374C931C0262EC00B3919A /* Debug */ = {
			isa = XCBuildConfiguration;
			buildSettings = {
				INFOPLIST_FILE = HurryAppUITests/Info.plist;
				LD_RUNPATH_SEARCH_PATHS = "$(inherited) @executable_path/Frameworks @loader_path/Frameworks";
				PRODUCT_BUNDLE_IDENTIFIER = com.devworms.HurryAppUITests;
				PRODUCT_NAME = "$(TARGET_NAME)";
				TEST_TARGET_NAME = HurryApp;
				USES_XCTRUNNER = YES;
			};
			name = Debug;
		};
		3B374C941C0262EC00B3919A /* Release */ = {
			isa = XCBuildConfiguration;
			buildSettings = {
				INFOPLIST_FILE = HurryAppUITests/Info.plist;
				LD_RUNPATH_SEARCH_PATHS = "$(inherited) @executable_path/Frameworks @loader_path/Frameworks";
				PRODUCT_BUNDLE_IDENTIFIER = com.devworms.HurryAppUITests;
				PRODUCT_NAME = "$(TARGET_NAME)";
				TEST_TARGET_NAME = HurryApp;
				USES_XCTRUNNER = YES;
			};
			name = Release;
		};
/* End XCBuildConfiguration section */

/* Begin XCConfigurationList section */
		3B374C5F1C0262EA00B3919A /* Build configuration list for PBXProject "HurryApp" */ = {
			isa = XCConfigurationList;
			buildConfigurations = (
				3B374C8A1C0262EC00B3919A /* Debug */,
				3B374C8B1C0262EC00B3919A /* Release */,
			);
			defaultConfigurationIsVisible = 0;
			defaultConfigurationName = Release;
		};
		3B374C8C1C0262EC00B3919A /* Build configuration list for PBXNativeTarget "HurryApp" */ = {
			isa = XCConfigurationList;
			buildConfigurations = (
				3B374C8D1C0262EC00B3919A /* Debug */,
				3B374C8E1C0262EC00B3919A /* Release */,
			);
			defaultConfigurationIsVisible = 0;
			defaultConfigurationName = Release;
		};
		3B374C8F1C0262EC00B3919A /* Build configuration list for PBXNativeTarget "HurryAppTests" */ = {
			isa = XCConfigurationList;
			buildConfigurations = (
				3B374C901C0262EC00B3919A /* Debug */,
				3B374C911C0262EC00B3919A /* Release */,
			);
			defaultConfigurationIsVisible = 0;
			defaultConfigurationName = Release;
		};
		3B374C921C0262EC00B3919A /* Build configuration list for PBXNativeTarget "HurryAppUITests" */ = {
			isa = XCConfigurationList;
			buildConfigurations = (
				3B374C931C0262EC00B3919A /* Debug */,
				3B374C941C0262EC00B3919A /* Release */,
			);
			defaultConfigurationIsVisible = 0;
			defaultConfigurationName = Release;
		};
/* End XCConfigurationList section */
	};
	rootObject = 3B374C5C1C0262EA00B3919A /* Project object */;
}
